// !$*UTF8*$!
{
	archiveVersion = 1;
	classes = {
	};
	objectVersion = 46;
	objects = {

/* Begin PBXBuildFile section */
		705C73011E71ED2E00A00671 /* AppDelegate.swift in Sources */ = {isa = PBXBuildFile; fileRef = 705C73001E71ED2E00A00671 /* AppDelegate.swift */; };
		705C73031E71ED2E00A00671 /* ViewController.swift in Sources */ = {isa = PBXBuildFile; fileRef = 705C73021E71ED2E00A00671 /* ViewController.swift */; };
		705C73061E71ED2E00A00671 /* Main.storyboard in Resources */ = {isa = PBXBuildFile; fileRef = 705C73041E71ED2E00A00671 /* Main.storyboard */; };
		705C73091E71ED2E00A00671 /* pokedex3.xcdatamodeld in Sources */ = {isa = PBXBuildFile; fileRef = 705C73071E71ED2E00A00671 /* pokedex3.xcdatamodeld */; };
		705C730B1E71ED2E00A00671 /* Assets.xcassets in Resources */ = {isa = PBXBuildFile; fileRef = 705C730A1E71ED2E00A00671 /* Assets.xcassets */; };
		705C730E1E71ED2E00A00671 /* LaunchScreen.storyboard in Resources */ = {isa = PBXBuildFile; fileRef = 705C730C1E71ED2E00A00671 /* LaunchScreen.storyboard */; };
		70C44C2A1E733D62009388F9 /* Constant.swift in Sources */ = {isa = PBXBuildFile; fileRef = 70C44C291E733D62009388F9 /* Constant.swift */; };
		70D2F12C1E71F52300D3F91A /* pokemon.csv in Resources */ = {isa = PBXBuildFile; fileRef = 70D2F12B1E71F52300D3F91A /* pokemon.csv */; };
		70D2F12F1E71F8D300D3F91A /* Pokemon.swift in Sources */ = {isa = PBXBuildFile; fileRef = 70D2F12E1E71F8D300D3F91A /* Pokemon.swift */; };
		70D2F1341E72028900D3F91A /* PokeCell.swift in Sources */ = {isa = PBXBuildFile; fileRef = 70D2F1331E72028900D3F91A /* PokeCell.swift */; };
		70D2F1361E7209E800D3F91A /* csv.swift in Sources */ = {isa = PBXBuildFile; fileRef = 70D2F1351E7209E800D3F91A /* csv.swift */; };
		70D2F13C1E7211BC00D3F91A /* music.mp3 in Resources */ = {isa = PBXBuildFile; fileRef = 70D2F13B1E7211BC00D3F91A /* music.mp3 */; };
		70D2F13E1E721BC700D3F91A /* PokemonDetailVC.swift in Sources */ = {isa = PBXBuildFile; fileRef = 70D2F13D1E721BC700D3F91A /* PokemonDetailVC.swift */; };
		879FBB2AF7BAF886C6AFC684 /* Pods_pokedex3.framework in Frameworks */ = {isa = PBXBuildFile; fileRef = 64A8D92588742FC9B7AB8D56 /* Pods_pokedex3.framework */; };
/* End PBXBuildFile section */

/* Begin PBXFileReference section */
		30594DD4FCF1DD8BE6130931 /* Pods-pokedex3.debug.xcconfig */ = {isa = PBXFileReference; includeInIndex = 1; lastKnownFileType = text.xcconfig; name = "Pods-pokedex3.debug.xcconfig"; path = "Pods/Target Support Files/Pods-pokedex3/Pods-pokedex3.debug.xcconfig"; sourceTree = "<group>"; };
		64A8D92588742FC9B7AB8D56 /* Pods_pokedex3.framework */ = {isa = PBXFileReference; explicitFileType = wrapper.framework; includeInIndex = 0; path = Pods_pokedex3.framework; sourceTree = BUILT_PRODUCTS_DIR; };
		705C72FD1E71ED2E00A00671 /* pokedex3.app */ = {isa = PBXFileReference; explicitFileType = wrapper.application; includeInIndex = 0; path = pokedex3.app; sourceTree = BUILT_PRODUCTS_DIR; };
		705C73001E71ED2E00A00671 /* AppDelegate.swift */ = {isa = PBXFileReference; lastKnownFileType = sourcecode.swift; path = AppDelegate.swift; sourceTree = "<group>"; };
		705C73021E71ED2E00A00671 /* ViewController.swift */ = {isa = PBXFileReference; lastKnownFileType = sourcecode.swift; path = ViewController.swift; sourceTree = "<group>"; };
		705C73051E71ED2E00A00671 /* Base */ = {isa = PBXFileReference; lastKnownFileType = file.storyboard; name = Base; path = Base.lproj/Main.storyboard; sourceTree = "<group>"; };
		705C73081E71ED2E00A00671 /* pokedex3.xcdatamodel */ = {isa = PBXFileReference; lastKnownFileType = wrapper.xcdatamodel; path = pokedex3.xcdatamodel; sourceTree = "<group>"; };
		705C730A1E71ED2E00A00671 /* Assets.xcassets */ = {isa = PBXFileReference; lastKnownFileType = folder.assetcatalog; path = Assets.xcassets; sourceTree = "<group>"; };
		705C730D1E71ED2E00A00671 /* Base */ = {isa = PBXFileReference; lastKnownFileType = file.storyboard; name = Base; path = Base.lproj/LaunchScreen.storyboard; sourceTree = "<group>"; };
		705C730F1E71ED2E00A00671 /* Info.plist */ = {isa = PBXFileReference; lastKnownFileType = text.plist.xml; path = Info.plist; sourceTree = "<group>"; };
		70C44C291E733D62009388F9 /* Constant.swift */ = {isa = PBXFileReference; fileEncoding = 4; lastKnownFileType = sourcecode.swift; path = Constant.swift; sourceTree = "<group>"; };
		70D2F12B1E71F52300D3F91A /* pokemon.csv */ = {isa = PBXFileReference; fileEncoding = 4; lastKnownFileType = text; path = pokemon.csv; sourceTree = "<group>"; };
		70D2F12E1E71F8D300D3F91A /* Pokemon.swift */ = {isa = PBXFileReference; fileEncoding = 4; lastKnownFileType = sourcecode.swift; path = Pokemon.swift; sourceTree = "<group>"; };
		70D2F1331E72028900D3F91A /* PokeCell.swift */ = {isa = PBXFileReference; fileEncoding = 4; lastKnownFileType = sourcecode.swift; path = PokeCell.swift; sourceTree = "<group>"; };
		70D2F1351E7209E800D3F91A /* csv.swift */ = {isa = PBXFileReference; fileEncoding = 4; lastKnownFileType = sourcecode.swift; path = csv.swift; sourceTree = "<group>"; };
		70D2F1371E720FE400D3F91A /* pokefont.ttf */ = {isa = PBXFileReference; lastKnownFileType = file; path = pokefont.ttf; sourceTree = "<group>"; };
		70D2F13B1E7211BC00D3F91A /* music.mp3 */ = {isa = PBXFileReference; lastKnownFileType = audio.mp3; path = music.mp3; sourceTree = "<group>"; };
		70D2F13D1E721BC700D3F91A /* PokemonDetailVC.swift */ = {isa = PBXFileReference; fileEncoding = 4; lastKnownFileType = sourcecode.swift; path = PokemonDetailVC.swift; sourceTree = "<group>"; };
		A7E3DCDFC8B9C03CC69FA880 /* Pods-pokedex3.release.xcconfig */ = {isa = PBXFileReference; includeInIndex = 1; lastKnownFileType = text.xcconfig; name = "Pods-pokedex3.release.xcconfig"; path = "Pods/Target Support Files/Pods-pokedex3/Pods-pokedex3.release.xcconfig"; sourceTree = "<group>"; };
/* End PBXFileReference section */

/* Begin PBXFrameworksBuildPhase section */
		705C72FA1E71ED2E00A00671 /* Frameworks */ = {
			isa = PBXFrameworksBuildPhase;
			buildActionMask = 2147483647;
			files = (
				879FBB2AF7BAF886C6AFC684 /* Pods_pokedex3.framework in Frameworks */,
			);
			runOnlyForDeploymentPostprocessing = 0;
		};
/* End PBXFrameworksBuildPhase section */

/* Begin PBXGroup section */
		3A66D0A00195F18AD769ACB7 /* Frameworks */ = {
			isa = PBXGroup;
			children = (
				64A8D92588742FC9B7AB8D56 /* Pods_pokedex3.framework */,
			);
			name = Frameworks;
			sourceTree = "<group>";
		};
		705C72F41E71ED2E00A00671 = {
			isa = PBXGroup;
			children = (
				705C72FF1E71ED2E00A00671 /* pokedex3 */,
				705C72FE1E71ED2E00A00671 /* Products */,
				AE6BE858CE142751BCFB74A6 /* Pods */,
				3A66D0A00195F18AD769ACB7 /* Frameworks */,
			);
			sourceTree = "<group>";
		};
		705C72FE1E71ED2E00A00671 /* Products */ = {
			isa = PBXGroup;
			children = (
				705C72FD1E71ED2E00A00671 /* pokedex3.app */,
			);
			name = Products;
			sourceTree = "<group>";
		};
		705C72FF1E71ED2E00A00671 /* pokedex3 */ = {
			isa = PBXGroup;
			children = (
				70D2F12D1E71F8B600D3F91A /* Model */,
				70D2F1301E7200DF00D3F91A /* View */,
				70D2F1381E72101500D3F91A /* Controller */,
				70D2F13A1E72105500D3F91A /* Utils */,
				705C73001E71ED2E00A00671 /* AppDelegate.swift */,
				70D2F1391E72102C00D3F91A /* Resources */,
				705C73041E71ED2E00A00671 /* Main.storyboard */,
				705C730A1E71ED2E00A00671 /* Assets.xcassets */,
				705C730C1E71ED2E00A00671 /* LaunchScreen.storyboard */,
				705C730F1E71ED2E00A00671 /* Info.plist */,
				705C73071E71ED2E00A00671 /* pokedex3.xcdatamodeld */,
			);
			path = pokedex3;
			sourceTree = "<group>";
		};
		70D2F12D1E71F8B600D3F91A /* Model */ = {
			isa = PBXGroup;
			children = (
				70D2F12E1E71F8D300D3F91A /* Pokemon.swift */,
			);
			name = Model;
			sourceTree = "<group>";
		};
		70D2F1301E7200DF00D3F91A /* View */ = {
			isa = PBXGroup;
			children = (
				70D2F1331E72028900D3F91A /* PokeCell.swift */,
			);
			name = View;
			sourceTree = "<group>";
		};
		70D2F1381E72101500D3F91A /* Controller */ = {
			isa = PBXGroup;
			children = (
				705C73021E71ED2E00A00671 /* ViewController.swift */,
				70D2F13D1E721BC700D3F91A /* PokemonDetailVC.swift */,
			);
			name = Controller;
			sourceTree = "<group>";
		};
		70D2F1391E72102C00D3F91A /* Resources */ = {
			isa = PBXGroup;
			children = (
				70D2F13B1E7211BC00D3F91A /* music.mp3 */,
				70D2F12B1E71F52300D3F91A /* pokemon.csv */,
				70D2F1371E720FE400D3F91A /* pokefont.ttf */,
			);
			name = Resources;
			sourceTree = "<group>";
		};
		70D2F13A1E72105500D3F91A /* Utils */ = {
			isa = PBXGroup;
			children = (
				70D2F1351E7209E800D3F91A /* csv.swift */,
				70C44C291E733D62009388F9 /* Constant.swift */,
			);
			name = Utils;
			sourceTree = "<group>";
		};
		AE6BE858CE142751BCFB74A6 /* Pods */ = {
			isa = PBXGroup;
			children = (
				30594DD4FCF1DD8BE6130931 /* Pods-pokedex3.debug.xcconfig */,
				A7E3DCDFC8B9C03CC69FA880 /* Pods-pokedex3.release.xcconfig */,
			);
			name = Pods;
			sourceTree = "<group>";
		};
/* End PBXGroup section */

/* Begin PBXNativeTarget section */
		705C72FC1E71ED2E00A00671 /* pokedex3 */ = {
			isa = PBXNativeTarget;
			buildConfigurationList = 705C73121E71ED2E00A00671 /* Build configuration list for PBXNativeTarget "pokedex3" */;
			buildPhases = (
				811767D69D8B048C3D7480C1 /* 📦 Check Pods Manifest.lock */,
				705C72F91E71ED2E00A00671 /* Sources */,
				705C72FA1E71ED2E00A00671 /* Frameworks */,
				705C72FB1E71ED2E00A00671 /* Resources */,
				A0D49DD6428DE85307166843 /* 📦 Embed Pods Frameworks */,
				1509D548CE6650CE5D6D80E5 /* 📦 Copy Pods Resources */,
			);
			buildRules = (
			);
			dependencies = (
			);
			name = pokedex3;
			productName = pokedex3;
			productReference = 705C72FD1E71ED2E00A00671 /* pokedex3.app */;
			productType = "com.apple.product-type.application";
		};
/* End PBXNativeTarget section */

/* Begin PBXProject section */
		705C72F51E71ED2E00A00671 /* Project object */ = {
			isa = PBXProject;
			attributes = {
				LastSwiftUpdateCheck = 0820;
				LastUpgradeCheck = 0820;
				ORGANIZATIONNAME = me;
				TargetAttributes = {
					705C72FC1E71ED2E00A00671 = {
						CreatedOnToolsVersion = 8.2.1;
						DevelopmentTeam = 5GKJXKA9NC;
						LastSwiftMigration = 0820;
						ProvisioningStyle = Automatic;
					};
				};
			};
			buildConfigurationList = 705C72F81E71ED2E00A00671 /* Build configuration list for PBXProject "pokedex3" */;
			compatibilityVersion = "Xcode 3.2";
			developmentRegion = English;
			hasScannedForEncodings = 0;
			knownRegions = (
				en,
				Base,
			);
			mainGroup = 705C72F41E71ED2E00A00671;
			productRefGroup = 705C72FE1E71ED2E00A00671 /* Products */;
			projectDirPath = "";
			projectRoot = "";
			targets = (
				705C72FC1E71ED2E00A00671 /* pokedex3 */,
			);
		};
/* End PBXProject section */

/* Begin PBXResourcesBuildPhase section */
		705C72FB1E71ED2E00A00671 /* Resources */ = {
			isa = PBXResourcesBuildPhase;
			buildActionMask = 2147483647;
			files = (
				70D2F13C1E7211BC00D3F91A /* music.mp3 in Resources */,
				705C730E1E71ED2E00A00671 /* LaunchScreen.storyboard in Resources */,
				705C730B1E71ED2E00A00671 /* Assets.xcassets in Resources */,
				70D2F12C1E71F52300D3F91A /* pokemon.csv in Resources */,
				705C73061E71ED2E00A00671 /* Main.storyboard in Resources */,
			);
			runOnlyForDeploymentPostprocessing = 0;
		};
/* End PBXResourcesBuildPhase section */

/* Begin PBXShellScriptBuildPhase section */
		1509D548CE6650CE5D6D80E5 /* 📦 Copy Pods Resources */ = {
			isa = PBXShellScriptBuildPhase;
			buildActionMask = 2147483647;
			files = (
			);
			inputPaths = (
			);
			name = "📦 Copy Pods Resources";
			outputPaths = (
			);
			runOnlyForDeploymentPostprocessing = 0;
			shellPath = /bin/sh;
			shellScript = "\"${SRCROOT}/Pods/Target Support Files/Pods-pokedex3/Pods-pokedex3-resources.sh\"\n";
			showEnvVarsInLog = 0;
		};
		811767D69D8B048C3D7480C1 /* 📦 Check Pods Manifest.lock */ = {
			isa = PBXShellScriptBuildPhase;
			buildActionMask = 2147483647;
			files = (
			);
			inputPaths = (
			);
			name = "📦 Check Pods Manifest.lock";
			outputPaths = (
			);
			runOnlyForDeploymentPostprocessing = 0;
			shellPath = /bin/sh;
			shellScript = "diff \"${PODS_ROOT}/../Podfile.lock\" \"${PODS_ROOT}/Manifest.lock\" > /dev/null\nif [[ $? != 0 ]] ; then\n    cat << EOM\nerror: The sandbox is not in sync with the Podfile.lock. Run 'pod install' or update your CocoaPods installation.\nEOM\n    exit 1\nfi\n";
			showEnvVarsInLog = 0;
		};
		A0D49DD6428DE85307166843 /* 📦 Embed Pods Frameworks */ = {
			isa = PBXShellScriptBuildPhase;
			buildActionMask = 2147483647;
			files = (
			);
			inputPaths = (
			);
			name = "📦 Embed Pods Frameworks";
			outputPaths = (
			);
			runOnlyForDeploymentPostprocessing = 0;
			shellPath = /bin/sh;
			shellScript = "\"${SRCROOT}/Pods/Target Support Files/Pods-pokedex3/Pods-pokedex3-frameworks.sh\"\n";
			showEnvVarsInLog = 0;
		};
/* End PBXShellScriptBuildPhase section */

/* Begin PBXSourcesBuildPhase section */
		705C72F91E71ED2E00A00671 /* Sources */ = {
			isa = PBXSourcesBuildPhase;
			buildActionMask = 2147483647;
			files = (
				70D2F1361E7209E800D3F91A /* csv.swift in Sources */,
				705C73031E71ED2E00A00671 /* ViewController.swift in Sources */,
				70D2F12F1E71F8D300D3F91A /* Pokemon.swift in Sources */,
				70C44C2A1E733D62009388F9 /* Constant.swift in Sources */,
				705C73091E71ED2E00A00671 /* pokedex3.xcdatamodeld in Sources */,
				705C73011E71ED2E00A00671 /* AppDelegate.swift in Sources */,
				70D2F13E1E721BC700D3F91A /* PokemonDetailVC.swift in Sources */,
				70D2F1341E72028900D3F91A /* PokeCell.swift in Sources */,
			);
			runOnlyForDeploymentPostprocessing = 0;
		};
/* End PBXSourcesBuildPhase section */

/* Begin PBXVariantGroup section */
		705C73041E71ED2E00A00671 /* Main.storyboard */ = {
			isa = PBXVariantGroup;
			children = (
				705C73051E71ED2E00A00671 /* Base */,
			);
			name = Main.storyboard;
			sourceTree = "<group>";
		};
		705C730C1E71ED2E00A00671 /* LaunchScreen.storyboard */ = {
			isa = PBXVariantGroup;
			children = (
				705C730D1E71ED2E00A00671 /* Base */,
			);
			name = LaunchScreen.storyboard;
			sourceTree = "<group>";
		};
/* End PBXVariantGroup section */

/* Begin XCBuildConfiguration section */
		705C73101E71ED2E00A00671 /* Debug */ = {
			isa = XCBuildConfiguration;
			buildSettings = {
				ALWAYS_SEARCH_USER_PATHS = NO;
				CLANG_ANALYZER_NONNULL = YES;
				CLANG_CXX_LANGUAGE_STANDARD = "gnu++0x";
				CLANG_CXX_LIBRARY = "libc++";
				CLANG_ENABLE_MODULES = YES;
				CLANG_ENABLE_OBJC_ARC = YES;
				CLANG_WARN_BOOL_CONVERSION = YES;
				CLANG_WARN_CONSTANT_CONVERSION = YES;
				CLANG_WARN_DIRECT_OBJC_ISA_USAGE = YES_ERROR;
				CLANG_WARN_DOCUMENTATION_COMMENTS = YES;
				CLANG_WARN_EMPTY_BODY = YES;
				CLANG_WARN_ENUM_CONVERSION = YES;
				CLANG_WARN_INFINITE_RECURSION = YES;
				CLANG_WARN_INT_CONVERSION = YES;
				CLANG_WARN_OBJC_ROOT_CLASS = YES_ERROR;
				CLANG_WARN_SUSPICIOUS_MOVE = YES;
				CLANG_WARN_UNREACHABLE_CODE = YES;
				CLANG_WARN__DUPLICATE_METHOD_MATCH = YES;
				"CODE_SIGN_IDENTITY[sdk=iphoneos*]" = "iPhone Developer";
				COPY_PHASE_STRIP = NO;
				DEBUG_INFORMATION_FORMAT = dwarf;
				ENABLE_STRICT_OBJC_MSGSEND = YES;
				ENABLE_TESTABILITY = YES;
				GCC_C_LANGUAGE_STANDARD = gnu99;
				GCC_DYNAMIC_NO_PIC = NO;
				GCC_NO_COMMON_BLOCKS = YES;
				GCC_OPTIMIZATION_LEVEL = 0;
				GCC_PREPROCESSOR_DEFINITIONS = (
					"DEBUG=1",
					"$(inherited)",
				);
				GCC_WARN_64_TO_32_BIT_CONVERSION = YES;
				GCC_WARN_ABOUT_RETURN_TYPE = YES_ERROR;
				GCC_WARN_UNDECLARED_SELECTOR = YES;
				GCC_WARN_UNINITIALIZED_AUTOS = YES_AGGRESSIVE;
				GCC_WARN_UNUSED_FUNCTION = YES;
				GCC_WARN_UNUSED_VARIABLE = YES;
				IPHONEOS_DEPLOYMENT_TARGET = 10.2;
				MTL_ENABLE_DEBUG_INFO = YES;
				ONLY_ACTIVE_ARCH = YES;
				SDKROOT = iphoneos;
				SWIFT_ACTIVE_COMPILATION_CONDITIONS = DEBUG;
				SWIFT_OPTIMIZATION_LEVEL = "-Onone";
			};
			name = Debug;
		};
		705C73111E71ED2E00A00671 /* Release */ = {
			isa = XCBuildConfiguration;
			buildSettings = {
				ALWAYS_SEARCH_USER_PATHS = NO;
				CLANG_ANALYZER_NONNULL = YES;
				CLANG_CXX_LANGUAGE_STANDARD = "gnu++0x";
				CLANG_CXX_LIBRARY = "libc++";
				CLANG_ENABLE_MODULES = YES;
				CLANG_ENABLE_OBJC_ARC = YES;
				CLANG_WARN_BOOL_CONVERSION = YES;
				CLANG_WARN_CONSTANT_CONVERSION = YES;
				CLANG_WARN_DIRECT_OBJC_ISA_USAGE = YES_ERROR;
				CLANG_WARN_DOCUMENTATION_COMMENTS = YES;
				CLANG_WARN_EMPTY_BODY = YES;
				CLANG_WARN_ENUM_CONVERSION = YES;
				CLANG_WARN_INFINITE_RECURSION = YES;
				CLANG_WARN_INT_CONVERSION = YES;
				CLANG_WARN_OBJC_ROOT_CLASS = YES_ERROR;
				CLANG_WARN_SUSPICIOUS_MOVE = YES;
				CLANG_WARN_UNREACHABLE_CODE = YES;
				CLANG_WARN__DUPLICATE_METHOD_MATCH = YES;
				"CODE_SIGN_IDENTITY[sdk=iphoneos*]" = "iPhone Developer";
				COPY_PHASE_STRIP = NO;
				DEBUG_INFORMATION_FORMAT = "dwarf-with-dsym";
				ENABLE_NS_ASSERTIONS = NO;
				ENABLE_STRICT_OBJC_MSGSEND = YES;
				GCC_C_LANGUAGE_STANDARD = gnu99;
				GCC_NO_COMMON_BLOCKS = YES;
				GCC_WARN_64_TO_32_BIT_CONVERSION = YES;
				GCC_WARN_ABOUT_RETURN_TYPE = YES_ERROR;
				GCC_WARN_UNDECLARED_SELECTOR = YES;
				GCC_WARN_UNINITIALIZED_AUTOS = YES_AGGRESSIVE;
				GCC_WARN_UNUSED_FUNCTION = YES;
				GCC_WARN_UNUSED_VARIABLE = YES;
				IPHONEOS_DEPLOYMENT_TARGET = 10.2;
				MTL_ENABLE_DEBUG_INFO = NO;
				SDKROOT = iphoneos;
				SWIFT_OPTIMIZATION_LEVEL = "-Owholemodule";
				VALIDATE_PRODUCT = YES;
			};
			name = Release;
		};
		705C73131E71ED2E00A00671 /* Debug */ = {
			isa = XCBuildConfiguration;
			baseConfigurationReference = 30594DD4FCF1DD8BE6130931 /* Pods-pokedex3.debug.xcconfig */;
			buildSettings = {
				ASSETCATALOG_COMPILER_APPICON_NAME = AppIcon;
				DEVELOPMENT_TEAM = 5GKJXKA9NC;
				INFOPLIST_FILE = pokedex3/Info.plist;
				LD_RUNPATH_SEARCH_PATHS = "$(inherited) @executable_path/Frameworks";
				PRODUCT_BUNDLE_IDENTIFIER = com.pokedex3.pokedex3;
				PRODUCT_NAME = "$(TARGET_NAME)";
				SWIFT_VERSION = 3.0;
			};
			name = Debug;
		};
		705C73141E71ED2E00A00671 /* Release */ = {
			isa = XCBuildConfiguration;
			baseConfigurationReference = A7E3DCDFC8B9C03CC69FA880 /* Pods-pokedex3.release.xcconfig */;
			buildSettings = {
				ASSETCATALOG_COMPILER_APPICON_NAME = AppIcon;
				DEVELOPMENT_TEAM = 5GKJXKA9NC;
				INFOPLIST_FILE = pokedex3/Info.plist;
				LD_RUNPATH_SEARCH_PATHS = "$(inherited) @executable_path/Frameworks";
				PRODUCT_BUNDLE_IDENTIFIER = com.pokedex3.pokedex3;
				PRODUCT_NAME = "$(TARGET_NAME)";
				SWIFT_VERSION = 3.0;
			};
			name = Release;
		};
/* End XCBuildConfiguration section */

/* Begin XCConfigurationList section */
		705C72F81E71ED2E00A00671 /* Build configuration list for PBXProject "pokedex3" */ = {
			isa = XCConfigurationList;
			buildConfigurations = (
				705C73101E71ED2E00A00671 /* Debug */,
				705C73111E71ED2E00A00671 /* Release */,
			);
			defaultConfigurationIsVisible = 0;
			defaultConfigurationName = Release;
		};
		705C73121E71ED2E00A00671 /* Build configuration list for PBXNativeTarget "pokedex3" */ = {
			isa = XCConfigurationList;
			buildConfigurations = (
				705C73131E71ED2E00A00671 /* Debug */,
				705C73141E71ED2E00A00671 /* Release */,
			);
			defaultConfigurationIsVisible = 0;
			defaultConfigurationName = Release;
		};
/* End XCConfigurationList section */

/* Begin XCVersionGroup section */
		705C73071E71ED2E00A00671 /* pokedex3.xcdatamodeld */ = {
			isa = XCVersionGroup;
			children = (
				705C73081E71ED2E00A00671 /* pokedex3.xcdatamodel */,
			);
			currentVersion = 705C73081E71ED2E00A00671 /* pokedex3.xcdatamodel */;
			path = pokedex3.xcdatamodeld;
			sourceTree = "<group>";
			versionGroupType = wrapper.xcdatamodel;
		};
/* End XCVersionGroup section */
	};
	rootObject = 705C72F51E71ED2E00A00671 /* Project object */;
}
